
Microsoft Visual Studio Solution File, Format Version 10.00
# Visual Studio 2008
Project("{FAE04EC0-301F-11D3-BF4B-00C04F79EFBC}") = "LinqToXML", "LinqToXML.csproj", "{478F0031-689F-4F05-B040-75578E91D52E}"
EndProject
Global
	GlobalSection(SolutionConfigurationPlatforms) = preSolution
		Debug|Any CPU = Debug|Any CPU
		Release|Any CPU = Release|Any CPU
	EndGlobalSection
	GlobalSection(ProjectConfigurationPlatforms) = postSolution
		{478F0031-689F-4F05-B040-75578E91D52E}.Debug|Any CPU.ActiveCfg = Debug|Any CPU
		{478F0031-689F-4F05-B040-75578E91D52E}.Debug|Any CPU.Build.0 = Debug|Any CPU
		{478F0031-689F-4F05-B040-75578E91D52E}.Release|Any CPU.ActiveCfg = Release|Any CPU
		{478F0031-689F-4F05-B040-75578E91D52E}.Release|Any CPU.Build.0 = Release|Any CPU
	EndGlobalSection
	GlobalSection(SolutionProperties) = preSolution
		HideSolutionNode = FALSE
	EndGlobalSection
EndGlobal
